github.com/ebitengine/purego v0.7.1 h1:6/55d26lG3o9VCZX8lping+bZcmShseiqlh2bnUDiPA=
github.com/ebitengine/purego v0.7.1/go.mod h1:ah1In8AOtksoNK6yk5z1HTJeUkC1Ez4Wk2idgGslMwQ=
github.com/gen2brain/raylib-go/raylib v0.0.0-20250215042252-db8e47f0e5c5 h1:k8ZAxLgb/p5TvCi5VHFHM8JdnjwShNK4A0bLIwbktAU=
github.com/gen2brain/raylib-go/raylib v0.0.0-20250215042252-db8e47f0e5c5/go.mod h1:BaY76bZk7nw1/kVOSQObPY1v1iwVE1KHAGMfvI6oK1Q=
github.com/victorfisac/Physac v0.0.0-20241020151623-587b63926010 h1:xa3itVDGp+u8VOIZd+8DpIgSHJthG7QB2a1+e5ba+L8=
github.com/victorfisac/Physac v0.0.0-20241020151623-587b63926010/go.mod h1:AJNaTsIAxk3RqOnTDV+UUcajS8g0Nd8SvUkWBVMKhno=
golang.org/x/exp v0.0.0-20250305212735-054e65f0b394 h1:nDVHiLt8aIbd/VzvPWN6kSOPE7+F/fNFDSXLVYkE/Iw=
golang.org/x/exp v0.0.0-20250305212735-054e65f0b394/go.mod h1:sIifuuw/Yco/y6yb6+bDNfyeQ/MdPUy/hKEMYQV17cM=
golang.org/x/sys v0.20.0 h1:Od9JTbYCk261bKm4M/mw7AklTlFYIa0bIp9BgSm1S8Y=
golang.org/x/sys v0.20.0/go.mod h1:/VUhepiaJMQUp4+oa/7Zr1D23ma6VTLIYjOOTFZPUcA=
